github.com/TutorialEdge/realtime-chat-go-react v0.0.0-20190507120001-b0798364f983 h1:1vcPUd0PRJtnnshEVJm23w2lBW+NDJQubq3uBEwiPrg=
github.com/arunsrinivas20/personal-finance-alerts v0.0.0-20200817001225-1e3fb2d87813 h1:SC8KyE1emakVQK441UhrML26twqDx7uIRMjHJnI5iSg=
github.com/arunsrinivas20/personal-finance-alerts v0.0.0-20200817013506-25de4d7afb7b h1:nMnWgbIZPPvcE0jTwY7qrpf3aX8i3nHnCmaubGCxzf4=
github.com/arunsrinivas20/personal-finance-alerts v0.0.0-20200817013506-25de4d7afb7b/go.mod h1:C9Ky8V7J1w2o1Kokmjv2H610CdflixlorPbK2avHiR8=
github.com/arunsrinivas20/personal-finance-alerts/backend v0.0.0-20200817001225-1e3fb2d87813 h1:Sk8j+y0ZjkUWPwgU5sEt+P2ndCY6fc9xNi/ksDOUA20=
github.com/arunsrinivas20/personal-finance-alerts/backend v0.0.0-20200817013506-25de4d7afb7b h1:ii8GdI8WlY92KVKjj4p4SS1yjTWmUfTm8pgKI1EuDzM=
github.com/gorilla/websocket v1.4.2 h1:+/TMaTYc4QFitKJxsQ7Yye35DkWvkdLcvGKqM+x0Ufc=
github.com/gorilla/websocket v1.4.2/go.mod h1:YR8l580nyteQvAITg2hZ9XVh4b55+EU/adAjf1fMHhE=
